{
  "name": "sample-project",
  "version": "1.0.0",
  "lockfileVersion": 3,
  "requires": true,
  "packages": {
    "": {
      "name": "sample-project",
      "version": "1.0.0",
      "dependencies": {
        "accepts": "^1.3.8",
        "lodash": "^4.17.21"
      }
    },
    "node_modules/accepts": {
      "version": "1.3.8",
      "resolved": "https://registry.npmjs.org/accepts/-/accepts-1.3.8.tgz",
      "integrity": "sha512-PYAthTa2m2VKxuvSD3DPC/Gy+U+sOA1LuXWTLl+0pDxYC49U1vAcr7Ft269tWE2IFbXL6QeOnU181eXWr/HhtQ==",
      "license": "MIT",
      "dependencies": {
        "mime-types": "~2.1.34",
        "negotiator": "0.6.3"
      },
      "engines": {
        "node": ">= 0.6"
      }
    },
    "node_modules/accepts/node_modules/negotiator": {
      "version": "0.6.3",
      "resolved": "https://registry.npmjs.org/negotiator/-/negotiator-0.6.3.tgz",
      "integrity": "sha512-QKqXIQlLm0sQlMjsj5asymN4YDRoZ1Co7/Kmr8Bg8/1msg+R0QxdReEYslw6ewAQj8NM/4YEM0tl0Xoa+lC7w==",
      "license": "MIT",
      "engines": {
        "node": ">= 0.6"
      }
    },
    "node_modules/lodash": {
      "version": "4.17.21",
      "resolved": "https://registry.npmjs.org/lodash/-/lodash-4.17.21.tgz",
      "integrity": "sha512-v2kDEe57lecTulaDIuNTPy3Ry4gLGJ6+z1DrqcVfKZR9x6J5/se/NFK5Y4HJQw+BkuHUgcloud8Wg+0M0yLjFLtg==",
      "license": "MIT"
    },
    "node_modules/mime-types": {
      "version": "2.1.35",
      "resolved": "https://registry.npmjs.org/mime-types/-/mime-types-2.1.35.tgz",
      "integrity": "sha512-ZayYTjSIRZrj4wA2KF6lRw1wNtMoa0X1U1Uym8SHvIC8C7wzV3E/qrryVUYy3K2a2s+scRfGgobfG1oJSoSqg==",
      "license": "MIT",
      "dependencies": {
        "mime-db": "1.52.0"
      },
      "engines": {
        "node": ">= 0.6"
      }
    }
  }
}
