{
  "name": "sample-project",
  "version": "1.0.0",
  "lockfileVersion": 3,
  "requires": true,
  "packages": {
    "": {
      "name": "sample-project",
      "version": "1.0.0",
      "dependencies": {
        "accepts": "^1.3.8",
        "lodash": "^4.17.21"
      }
    },
    "node_modules/accepts": {
      "version": "1.3.8",
      "resolved": "https://registry.npmjs.org/accepts/-/accepts-1.3.8.tgz",
      "integrity": "sha512-PYAthTa2m2VKxuvSD3DPC/Gy+U+sOA1LuXWTLl+0pDxYC49U1vAcr7Ft269tWE2IFbXL6QeOnU181eXWr/HhtQ==",
      "license": "MIT",
      "dependencies": {
        "mime-types": "~2.1.34",
        "negotiator": "0.6.3"
      },
      "engines": {
        "node": ">= 0.6"
      }
    },
    "node_modules/accepts/node_modules/negotiator": {
      "version": "0.6.2",
      "resolved": "https://registry.npmjs.org/negotiator/-/negotiator-0.6.2.tgz",
      "integrity": "sha512-BHVGBG4SP9JUIC6HTx3Vl9Noinx/O0FYDssK/RJi6Uf9QavRZfwvEgK5/7J8cTYSjFYI3M7QslU89DvYF/d+rQ==",
      "license": "MIT",
      "engines": {
        "node": ">= 0.6"
      }
    },
    "node_modules/lodash": {
      "version": "4.17.15",
      "resolved": "https://registry.npmjs.org/lodash/-/lodash-4.17.15.tgz",
      "integrity": "sha512-8xDc6s+437s+Ih6pFY7163VPRPPh5cnQP4gF4+8/5+9parlSv2eFI4ZcZQj7H0wa8wDJj0l1DADHQ+z6C0NGyg==",
      "license": "MIT"
    },
    "node_modules/mime-types": {
      "version": "2.1.35",
      "resolved": "https://registry.npmjs.org/mime-types/-/mime-types-2.1.35.tgz",
      "integrity": "sha512-ZayYTjSIRZrj4wA2KF6lRw1wNtMoa0X1U1Uym8SHvIC8C7wzV3E/qrryVUYy3K2a2s+scRfGgobfG1oJSoSqg==",
      "license": "MIT",
      "dependencies": {
        "mime-db": "1.52.0"
      },
      "engines": {
        "node": ">= 0.6"
      }
    }
  }
}
